
Microsoft Visual Studio Solution File, Format Version 12.00
# Visual Studio Version 16
VisualStudioVersion = 16.0.31729.503
MinimumVisualStudioVersion = 10.0.40219.1
Project("{FAE04EC0-301F-11D3-BF4B-00C04F79EFBC}") = "voca", "voca\voca.csproj", "{64C086D8-6A85-4975-8E33-EFB488D82A38}"
EndProject
Global
	GlobalSection(SolutionConfigurationPlatforms) = preSolution
		Debug|Any CPU = Debug|Any CPU
		Release|Any CPU = Release|Any CPU
	EndGlobalSection
	GlobalSection(ProjectConfigurationPlatforms) = postSolution
		{64C086D8-6A85-4975-8E33-EFB488D82A38}.Debug|Any CPU.ActiveCfg = Debug|Any CPU
		{64C086D8-6A85-4975-8E33-EFB488D82A38}.Debug|Any CPU.Build.0 = Debug|Any CPU
		{64C086D8-6A85-4975-8E33-EFB488D82A38}.Release|Any CPU.ActiveCfg = Release|Any CPU
		{64C086D8-6A85-4975-8E33-EFB488D82A38}.Release|Any CPU.Build.0 = Release|Any CPU
	EndGlobalSection
	GlobalSection(SolutionProperties) = preSolution
		HideSolutionNode = FALSE
	EndGlobalSection
	GlobalSection(ExtensibilityGlobals) = postSolution
		SolutionGuid = {651E6B10-E188-4D34-979E-D96854D6105E}
	EndGlobalSection
EndGlobal
